
Microsoft Visual Studio Solution File, Format Version 12.00
# Visual Studio Version 17
VisualStudioVersion = 17.11.35222.181
MinimumVisualStudioVersion = 10.0.40219.1
Project("{2150E333-8FDC-42A3-9474-1A3956D46DE8}") = "Task0", "Task0", "{58780865-3D0A-4F12-9258-00AF6A6059F0}"
EndProject
Project("{9A19103F-16F7-4668-BE54-9A1E7A4F7556}") = "Tyuiu.BrovkinAA.Sprint2.Task0.V26", "Tyuiu.BrovkinAA.Sprint2.Task0.V26\Tyuiu.BrovkinAA.Sprint2.Task0.V26.csproj", "{A7EE5E34-954E-4CB4-83B1-100A031649B7}"
EndProject
Project("{9A19103F-16F7-4668-BE54-9A1E7A4F7556}") = "Tyuiu.BrovkinAA.Sprint2.Task0.V26.Lib", "Tyuiu.BrovkinAA.Sprint2.Task0.V26.Lib\Tyuiu.BrovkinAA.Sprint2.Task0.V26.Lib.csproj", "{8B2AE7F1-F13C-4331-A408-7E45A2FC563F}"
EndProject
Project("{9A19103F-16F7-4668-BE54-9A1E7A4F7556}") = "Tyuiu.BrovkinAA.Sprint2.Task0.V26.Test", "Tyuiu.BrovkinAA.Sprint2.Task0.V26.Test\Tyuiu.BrovkinAA.Sprint2.Task0.V26.Test.csproj", "{797D2B13-FF5A-4279-97B9-3307A0BD893D}"
EndProject
Project("{2150E333-8FDC-42A3-9474-1A3956D46DE8}") = "Task1", "Task1", "{1A449E04-B27A-4983-AC86-4134CAD055B3}"
EndProject
Project("{9A19103F-16F7-4668-BE54-9A1E7A4F7556}") = "Tyuiu.BrovkinAA.Sprint2.Task1.V2", "Tyuiu.BrovkinAA.Sprint2.Task1.V2\Tyuiu.BrovkinAA.Sprint2.Task1.V2.csproj", "{54A97451-DCF2-4635-AB82-08867BB9310A}"
EndProject
Project("{9A19103F-16F7-4668-BE54-9A1E7A4F7556}") = "Tyuiu.BrovkinAA.Sprint2.Task1.V2.Lib", "Tyuiu.BrovkinAA.Sprint2.Task1.V2.Lib\Tyuiu.BrovkinAA.Sprint2.Task1.V2.Lib.csproj", "{A5C879EE-3D76-4342-8F76-1622518FF31A}"
EndProject
Project("{9A19103F-16F7-4668-BE54-9A1E7A4F7556}") = "Tyuiu.BrovkinAA.Sprint2.Task1.V2.Test", "Tyuiu.BrovkinAA.Sprint2.Task1.V2.Test\Tyuiu.BrovkinAA.Sprint2.Task1.V2.Test.csproj", "{858DE258-847B-468A-A6D6-516CA3723615}"
EndProject
Project("{2150E333-8FDC-42A3-9474-1A3956D46DE8}") = "Task2", "Task2", "{7F6613B5-9816-4659-9F3B-A2DEF10BCF32}"
EndProject
Project("{9A19103F-16F7-4668-BE54-9A1E7A4F7556}") = "Tyuiu.BrovkinAA.Sprint2.Task2.V9", "Tyuiu.BrovkinAA.Sprint2.Task2.V9\Tyuiu.BrovkinAA.Sprint2.Task2.V9.csproj", "{CB00D5EA-9134-4538-B303-50DE582C6323}"
EndProject
Project("{9A19103F-16F7-4668-BE54-9A1E7A4F7556}") = "Tyuiu.BrovkinAA.Sprint2.Task2.V9.Lib", "Tyuiu.BrovkinAA.Sprint2.Task2.V9.Lib\Tyuiu.BrovkinAA.Sprint2.Task2.V9.Lib.csproj", "{097B1EA9-A879-48A5-83E9-0495EA0AD0FE}"
EndProject
Project("{9A19103F-16F7-4668-BE54-9A1E7A4F7556}") = "Tyuiu.BrovkinAA.Sprint2.Task2.V9.Test", "Tyuiu.BrovkinAA.Sprint2.Task2.V9.Test\Tyuiu.BrovkinAA.Sprint2.Task2.V9.Test.csproj", "{F57AD3CE-FE2A-44E4-B1C9-0CBBB52D357B}"
EndProject
Project("{2150E333-8FDC-42A3-9474-1A3956D46DE8}") = "Task3", "Task3", "{E12D3E8A-52ED-4600-A00A-0ACC02361C7E}"
EndProject
Project("{9A19103F-16F7-4668-BE54-9A1E7A4F7556}") = "Tyuiu.BrovkinAA.Sprint2.Task3.V16", "Tyuiu.BrovkinAA.Sprint2.Task3.V16\Tyuiu.BrovkinAA.Sprint2.Task3.V16.csproj", "{01595B4C-9B04-4A35-B1D6-4A74BECB0CB0}"
EndProject
Project("{9A19103F-16F7-4668-BE54-9A1E7A4F7556}") = "Tyuiu.BrovkinAA.Sprint2.Task3.V16.Lib", "Tyuiu.BrovkinAA.Sprint2.Task3.V16.Lib\Tyuiu.BrovkinAA.Sprint2.Task3.V16.Lib.csproj", "{2FB0F1F7-9AFE-45A0-8C9A-AAD065535329}"
EndProject
Project("{9A19103F-16F7-4668-BE54-9A1E7A4F7556}") = "Tyuiu.BrovkinAA.Sprint2.Task3.V16.Test", "Tyuiu.BrovkinAA.Sprint2.Task3.V16.Test\Tyuiu.BrovkinAA.Sprint2.Task3.V16.Test.csproj", "{E9A98BA4-04D9-44A1-9F6F-6A5905EE0605}"
EndProject
Global
	GlobalSection(SolutionConfigurationPlatforms) = preSolution
		Debug|Any CPU = Debug|Any CPU
		Release|Any CPU = Release|Any CPU
	EndGlobalSection
	GlobalSection(ProjectConfigurationPlatforms) = postSolution
		{A7EE5E34-954E-4CB4-83B1-100A031649B7}.Debug|Any CPU.ActiveCfg = Debug|Any CPU
		{A7EE5E34-954E-4CB4-83B1-100A031649B7}.Debug|Any CPU.Build.0 = Debug|Any CPU
		{A7EE5E34-954E-4CB4-83B1-100A031649B7}.Release|Any CPU.ActiveCfg = Release|Any CPU
		{A7EE5E34-954E-4CB4-83B1-100A031649B7}.Release|Any CPU.Build.0 = Release|Any CPU
		{8B2AE7F1-F13C-4331-A408-7E45A2FC563F}.Debug|Any CPU.ActiveCfg = Debug|Any CPU
		{8B2AE7F1-F13C-4331-A408-7E45A2FC563F}.Debug|Any CPU.Build.0 = Debug|Any CPU
		{8B2AE7F1-F13C-4331-A408-7E45A2FC563F}.Release|Any CPU.ActiveCfg = Release|Any CPU
		{8B2AE7F1-F13C-4331-A408-7E45A2FC563F}.Release|Any CPU.Build.0 = Release|Any CPU
		{797D2B13-FF5A-4279-97B9-3307A0BD893D}.Debug|Any CPU.ActiveCfg = Debug|Any CPU
		{797D2B13-FF5A-4279-97B9-3307A0BD893D}.Debug|Any CPU.Build.0 = Debug|Any CPU
		{797D2B13-FF5A-4279-97B9-3307A0BD893D}.Release|Any CPU.ActiveCfg = Release|Any CPU
		{797D2B13-FF5A-4279-97B9-3307A0BD893D}.Release|Any CPU.Build.0 = Release|Any CPU
		{54A97451-DCF2-4635-AB82-08867BB9310A}.Debug|Any CPU.ActiveCfg = Debug|Any CPU
		{54A97451-DCF2-4635-AB82-08867BB9310A}.Debug|Any CPU.Build.0 = Debug|Any CPU
		{54A97451-DCF2-4635-AB82-08867BB9310A}.Release|Any CPU.ActiveCfg = Release|Any CPU
		{54A97451-DCF2-4635-AB82-08867BB9310A}.Release|Any CPU.Build.0 = Release|Any CPU
		{A5C879EE-3D76-4342-8F76-1622518FF31A}.Debug|Any CPU.ActiveCfg = Debug|Any CPU
		{A5C879EE-3D76-4342-8F76-1622518FF31A}.Debug|Any CPU.Build.0 = Debug|Any CPU
		{A5C879EE-3D76-4342-8F76-1622518FF31A}.Release|Any CPU.ActiveCfg = Release|Any CPU
		{A5C879EE-3D76-4342-8F76-1622518FF31A}.Release|Any CPU.Build.0 = Release|Any CPU
		{858DE258-847B-468A-A6D6-516CA3723615}.Debug|Any CPU.ActiveCfg = Debug|Any CPU
		{858DE258-847B-468A-A6D6-516CA3723615}.Debug|Any CPU.Build.0 = Debug|Any CPU
		{858DE258-847B-468A-A6D6-516CA3723615}.Release|Any CPU.ActiveCfg = Release|Any CPU
		{858DE258-847B-468A-A6D6-516CA3723615}.Release|Any CPU.Build.0 = Release|Any CPU
		{CB00D5EA-9134-4538-B303-50DE582C6323}.Debug|Any CPU.ActiveCfg = Debug|Any CPU
		{CB00D5EA-9134-4538-B303-50DE582C6323}.Debug|Any CPU.Build.0 = Debug|Any CPU
		{CB00D5EA-9134-4538-B303-50DE582C6323}.Release|Any CPU.ActiveCfg = Release|Any CPU
		{CB00D5EA-9134-4538-B303-50DE582C6323}.Release|Any CPU.Build.0 = Release|Any CPU
		{097B1EA9-A879-48A5-83E9-0495EA0AD0FE}.Debug|Any CPU.ActiveCfg = Debug|Any CPU
		{097B1EA9-A879-48A5-83E9-0495EA0AD0FE}.Debug|Any CPU.Build.0 = Debug|Any CPU
		{097B1EA9-A879-48A5-83E9-0495EA0AD0FE}.Release|Any CPU.ActiveCfg = Release|Any CPU
		{097B1EA9-A879-48A5-83E9-0495EA0AD0FE}.Release|Any CPU.Build.0 = Release|Any CPU
		{F57AD3CE-FE2A-44E4-B1C9-0CBBB52D357B}.Debug|Any CPU.ActiveCfg = Debug|Any CPU
		{F57AD3CE-FE2A-44E4-B1C9-0CBBB52D357B}.Debug|Any CPU.Build.0 = Debug|Any CPU
		{F57AD3CE-FE2A-44E4-B1C9-0CBBB52D357B}.Release|Any CPU.ActiveCfg = Release|Any CPU
		{F57AD3CE-FE2A-44E4-B1C9-0CBBB52D357B}.Release|Any CPU.Build.0 = Release|Any CPU
		{01595B4C-9B04-4A35-B1D6-4A74BECB0CB0}.Debug|Any CPU.ActiveCfg = Debug|Any CPU
		{01595B4C-9B04-4A35-B1D6-4A74BECB0CB0}.Debug|Any CPU.Build.0 = Debug|Any CPU
		{01595B4C-9B04-4A35-B1D6-4A74BECB0CB0}.Release|Any CPU.ActiveCfg = Release|Any CPU
		{01595B4C-9B04-4A35-B1D6-4A74BECB0CB0}.Release|Any CPU.Build.0 = Release|Any CPU
		{2FB0F1F7-9AFE-45A0-8C9A-AAD065535329}.Debug|Any CPU.ActiveCfg = Debug|Any CPU
		{2FB0F1F7-9AFE-45A0-8C9A-AAD065535329}.Debug|Any CPU.Build.0 = Debug|Any CPU
		{2FB0F1F7-9AFE-45A0-8C9A-AAD065535329}.Release|Any CPU.ActiveCfg = Release|Any CPU
		{2FB0F1F7-9AFE-45A0-8C9A-AAD065535329}.Release|Any CPU.Build.0 = Release|Any CPU
		{E9A98BA4-04D9-44A1-9F6F-6A5905EE0605}.Debug|Any CPU.ActiveCfg = Debug|Any CPU
		{E9A98BA4-04D9-44A1-9F6F-6A5905EE0605}.Debug|Any CPU.Build.0 = Debug|Any CPU
		{E9A98BA4-04D9-44A1-9F6F-6A5905EE0605}.Release|Any CPU.ActiveCfg = Release|Any CPU
		{E9A98BA4-04D9-44A1-9F6F-6A5905EE0605}.Release|Any CPU.Build.0 = Release|Any CPU
	EndGlobalSection
	GlobalSection(SolutionProperties) = preSolution
		HideSolutionNode = FALSE
	EndGlobalSection
	GlobalSection(NestedProjects) = preSolution
		{A7EE5E34-954E-4CB4-83B1-100A031649B7} = {58780865-3D0A-4F12-9258-00AF6A6059F0}
		{8B2AE7F1-F13C-4331-A408-7E45A2FC563F} = {58780865-3D0A-4F12-9258-00AF6A6059F0}
		{797D2B13-FF5A-4279-97B9-3307A0BD893D} = {58780865-3D0A-4F12-9258-00AF6A6059F0}
		{54A97451-DCF2-4635-AB82-08867BB9310A} = {1A449E04-B27A-4983-AC86-4134CAD055B3}
		{A5C879EE-3D76-4342-8F76-1622518FF31A} = {1A449E04-B27A-4983-AC86-4134CAD055B3}
		{858DE258-847B-468A-A6D6-516CA3723615} = {1A449E04-B27A-4983-AC86-4134CAD055B3}
		{CB00D5EA-9134-4538-B303-50DE582C6323} = {7F6613B5-9816-4659-9F3B-A2DEF10BCF32}
		{097B1EA9-A879-48A5-83E9-0495EA0AD0FE} = {7F6613B5-9816-4659-9F3B-A2DEF10BCF32}
		{F57AD3CE-FE2A-44E4-B1C9-0CBBB52D357B} = {7F6613B5-9816-4659-9F3B-A2DEF10BCF32}
		{01595B4C-9B04-4A35-B1D6-4A74BECB0CB0} = {E12D3E8A-52ED-4600-A00A-0ACC02361C7E}
		{2FB0F1F7-9AFE-45A0-8C9A-AAD065535329} = {E12D3E8A-52ED-4600-A00A-0ACC02361C7E}
		{E9A98BA4-04D9-44A1-9F6F-6A5905EE0605} = {E12D3E8A-52ED-4600-A00A-0ACC02361C7E}
	EndGlobalSection
	GlobalSection(ExtensibilityGlobals) = postSolution
		SolutionGuid = {68C71D75-9A40-4F41-85A3-59F5A70163B9}
	EndGlobalSection
EndGlobal
